
Microsoft Visual Studio Solution File, Format Version 12.00
# Visual Studio Version 16
VisualStudioVersion = 16.0.29424.173
MinimumVisualStudioVersion = 10.0.40219.1
Project("{FAE04EC0-301F-11D3-BF4B-00C04F79EFBC}") = "RSASignAndVerify", "RSASignAndVerify.csproj", "{02523C38-6720-4888-A285-EE90D18A1E78}"
EndProject
Global
	GlobalSection(SolutionConfigurationPlatforms) = preSolution
		Debug|Any CPU = Debug|Any CPU
		Release|Any CPU = Release|Any CPU
	EndGlobalSection
	GlobalSection(ProjectConfigurationPlatforms) = postSolution
		{02523C38-6720-4888-A285-EE90D18A1E78}.Debug|Any CPU.ActiveCfg = Debug|Any CPU
		{02523C38-6720-4888-A285-EE90D18A1E78}.Debug|Any CPU.Build.0 = Debug|Any CPU
		{02523C38-6720-4888-A285-EE90D18A1E78}.Release|Any CPU.ActiveCfg = Release|Any CPU
		{02523C38-6720-4888-A285-EE90D18A1E78}.Release|Any CPU.Build.0 = Release|Any CPU
	EndGlobalSection
	GlobalSection(SolutionProperties) = preSolution
		HideSolutionNode = FALSE
	EndGlobalSection
	GlobalSection(ExtensibilityGlobals) = postSolution
		SolutionGuid = {FD8F9B64-2C94-4A64-8C26-FCBE44AFCEB3}
	EndGlobalSection
EndGlobal
